
Microsoft Visual Studio Solution File, Format Version 12.00
# Visual Studio Version 17
VisualStudioVersion = 17.8.34525.116
MinimumVisualStudioVersion = 10.0.40219.1
Project("{9A19103F-16F7-4668-BE54-9A1E7A4F7556}") = "GentsOutfits(Authentication)", "GentsOutfits(Authentication).csproj", "{E98C4082-F6C8-482C-8195-49384B683ADB}"
EndProject
Global
	GlobalSection(SolutionConfigurationPlatforms) = preSolution
		Debug|Any CPU = Debug|Any CPU
		Release|Any CPU = Release|Any CPU
	EndGlobalSection
	GlobalSection(ProjectConfigurationPlatforms) = postSolution
		{E98C4082-F6C8-482C-8195-49384B683ADB}.Debug|Any CPU.ActiveCfg = Debug|Any CPU
		{E98C4082-F6C8-482C-8195-49384B683ADB}.Debug|Any CPU.Build.0 = Debug|Any CPU
		{E98C4082-F6C8-482C-8195-49384B683ADB}.Release|Any CPU.ActiveCfg = Release|Any CPU
		{E98C4082-F6C8-482C-8195-49384B683ADB}.Release|Any CPU.Build.0 = Release|Any CPU
	EndGlobalSection
	GlobalSection(SolutionProperties) = preSolution
		HideSolutionNode = FALSE
	EndGlobalSection
	GlobalSection(ExtensibilityGlobals) = postSolution
		SolutionGuid = {7E7149F7-A3FA-452E-A716-4816F30B1270}
	EndGlobalSection
EndGlobal
